
Microsoft Visual Studio Solution File, Format Version 12.00
# Visual Studio Version 16
VisualStudioVersion = 16.0.31129.286
MinimumVisualStudioVersion = 10.0.40219.1
Project("{FAE04EC0-301F-11D3-BF4B-00C04F79EFBC}") = "Bot Discord", "Bot Discord\Bot Discord.csproj", "{896916E7-66DA-4757-AF80-7494AC56E6BA}"
EndProject
Global
	GlobalSection(SolutionConfigurationPlatforms) = preSolution
		Debug|Any CPU = Debug|Any CPU
		Release|Any CPU = Release|Any CPU
	EndGlobalSection
	GlobalSection(ProjectConfigurationPlatforms) = postSolution
		{896916E7-66DA-4757-AF80-7494AC56E6BA}.Debug|Any CPU.ActiveCfg = Debug|Any CPU
		{896916E7-66DA-4757-AF80-7494AC56E6BA}.Debug|Any CPU.Build.0 = Debug|Any CPU
		{896916E7-66DA-4757-AF80-7494AC56E6BA}.Release|Any CPU.ActiveCfg = Release|Any CPU
		{896916E7-66DA-4757-AF80-7494AC56E6BA}.Release|Any CPU.Build.0 = Release|Any CPU
	EndGlobalSection
	GlobalSection(SolutionProperties) = preSolution
		HideSolutionNode = FALSE
	EndGlobalSection
	GlobalSection(ExtensibilityGlobals) = postSolution
		SolutionGuid = {43B2520A-7076-40C1-9315-8860DBF107F8}
	EndGlobalSection
EndGlobal
